// !$*UTF8*$!
{
	archiveVersion = 1;
	classes = {
	};
	objectVersion = 70;
	objects = {

/* Begin PBXBuildFile section */
		8119B5D42F8CD47E00D887AC /* WidgetKit.framework in Frameworks */ = {isa = PBXBuildFile; fileRef = 8119B5D32F8CD47E00D887AC /* WidgetKit.framework */; };
		8119B5D62F8CD47E00D887AC /* SwiftUI.framework in Frameworks */ = {isa = PBXBuildFile; fileRef = 8119B5D52F8CD47E00D887AC /* SwiftUI.framework */; };
		8119B5E32F8CD47F00D887AC /* UptimeDashboardWidgetExtension.appex in Embed Foundation Extensions */ = {isa = PBXBuildFile; fileRef = 8119B5D12F8CD47E00D887AC /* UptimeDashboardWidgetExtension.appex */; settings = {ATTRIBUTES = (RemoveHeadersOnCopy, ); }; };
		816E9C6A2F893487004F93EF /* UptimeDashboardWatch Watch App.app in Embed Watch Content */ = {isa = PBXBuildFile; fileRef = 816E9C602F893486004F93EF /* UptimeDashboardWatch Watch App.app */; settings = {ATTRIBUTES = (RemoveHeadersOnCopy, ); }; };
		816E9C782F89397A004F93EF /* WCSessionDelegateHandler.swift in Sources */ = {isa = PBXBuildFile; fileRef = 816E9C772F89397A004F93EF /* WCSessionDelegateHandler.swift */; };
		817341D52FC47FEA0038AE30 /* HelpView.swift in Sources */ = {isa = PBXBuildFile; fileRef = 817341D42FC47FEA0038AE30 /* HelpView.swift */; };
		8178D0522F9243E10002E724 /* WidgetKit.framework in Frameworks */ = {isa = PBXBuildFile; fileRef = 8119B5D32F8CD47E00D887AC /* WidgetKit.framework */; };
		8178D0532F9243E10002E724 /* SwiftUI.framework in Frameworks */ = {isa = PBXBuildFile; fileRef = 8119B5D52F8CD47E00D887AC /* SwiftUI.framework */; };
		8178D0602F9243E20002E724 /* UptimeDashboardWatchWidgetExtension.appex in Embed Foundation Extensions */ = {isa = PBXBuildFile; fileRef = 8178D0512F9243E10002E724 /* UptimeDashboardWatchWidgetExtension.appex */; settings = {ATTRIBUTES = (RemoveHeadersOnCopy, ); }; };
		81CFDD0B2F8D0816004F2EA8 /* WidgetKit.framework in Frameworks */ = {isa = PBXBuildFile; fileRef = 8119B5D32F8CD47E00D887AC /* WidgetKit.framework */; };
		81CFDD0C2F8D0816004F2EA8 /* SwiftUI.framework in Frameworks */ = {isa = PBXBuildFile; fileRef = 8119B5D52F8CD47E00D887AC /* SwiftUI.framework */; };
		81CFDD192F8D0818004F2EA8 /* UptimeDashboardMacWidgetExtension.appex in Embed Foundation Extensions */ = {isa = PBXBuildFile; fileRef = 81CFDD0A2F8D0816004F2EA8 /* UptimeDashboardMacWidgetExtension.appex */; settings = {ATTRIBUTES = (RemoveHeadersOnCopy, ); }; };
		B001000A /* UptimeDashboardApp.swift in Sources */ = {isa = PBXBuildFile; fileRef = B001000B /* UptimeDashboardApp.swift */; };
		B0020001 /* DashboardModels.swift in Sources */ = {isa = PBXBuildFile; fileRef = B0020002 /* DashboardModels.swift */; };
		B0020003 /* KeychainStore.swift in Sources */ = {isa = PBXBuildFile; fileRef = B0020004 /* KeychainStore.swift */; };
		B0020005 /* NetworkClient.swift in Sources */ = {isa = PBXBuildFile; fileRef = B0020006 /* NetworkClient.swift */; };
		B0020007 /* NotificationManager.swift in Sources */ = {isa = PBXBuildFile; fileRef = B0020008 /* NotificationManager.swift */; };
		B0020009 /* Config.swift in Sources */ = {isa = PBXBuildFile; fileRef = B002000A /* Config.swift */; };
		B002000B /* AuthViewModel.swift in Sources */ = {isa = PBXBuildFile; fileRef = B002000C /* AuthViewModel.swift */; };
		B002000D /* DashboardViewModel.swift in Sources */ = {isa = PBXBuildFile; fileRef = B002000E /* DashboardViewModel.swift */; };
		B002000F /* SettingsViewModel.swift in Sources */ = {isa = PBXBuildFile; fileRef = B0020010 /* SettingsViewModel.swift */; };
		B0020011 /* LoginView.swift in Sources */ = {isa = PBXBuildFile; fileRef = B0020012 /* LoginView.swift */; };
		B0020013 /* TwoFAView.swift in Sources */ = {isa = PBXBuildFile; fileRef = B0020014 /* TwoFAView.swift */; };
		B0020015 /* DashboardView.swift in Sources */ = {isa = PBXBuildFile; fileRef = B0020016 /* DashboardView.swift */; };
		B0020017 /* SparklineView.swift in Sources */ = {isa = PBXBuildFile; fileRef = B0020018 /* SparklineView.swift */; };
		B0020019 /* BiometricGateView.swift in Sources */ = {isa = PBXBuildFile; fileRef = B002001A /* BiometricGateView.swift */; };
		B002001B /* SplashView.swift in Sources */ = {isa = PBXBuildFile; fileRef = B002001C /* SplashView.swift */; };
		B002001D /* SettingsView.swift in Sources */ = {isa = PBXBuildFile; fileRef = B002001E /* SettingsView.swift */; };
		B0020030 /* TOTPSetupView.swift in Sources */ = {isa = PBXBuildFile; fileRef = B0020031 /* TOTPSetupView.swift */; };
		B0020032 /* ChangePasswordView.swift in Sources */ = {isa = PBXBuildFile; fileRef = B0020033 /* ChangePasswordView.swift */; };
		B0020034 /* DeviceAdaptive.swift in Sources */ = {isa = PBXBuildFile; fileRef = B0020035 /* DeviceAdaptive.swift */; };
		B0040001 /* Assets.xcassets in Resources */ = {isa = PBXBuildFile; fileRef = B0040002 /* Assets.xcassets */; };
		B0050001 /* SensorModels.swift in Sources */ = {isa = PBXBuildFile; fileRef = B0050002 /* SensorModels.swift */; };
		B0060001 /* SensorSparklineView.swift in Sources */ = {isa = PBXBuildFile; fileRef = B0060002 /* SensorSparklineView.swift */; };
		B0060003 /* SensorCardView.swift in Sources */ = {isa = PBXBuildFile; fileRef = B0060004 /* SensorCardView.swift */; };
		B0060005 /* SensorSectionView.swift in Sources */ = {isa = PBXBuildFile; fileRef = B0060006 /* SensorSectionView.swift */; };
		B0070001 /* MonitorRowView.swift in Sources */ = {isa = PBXBuildFile; fileRef = B0070002 /* MonitorRowView.swift */; };
		B0070003 /* PortalsDetailView.swift in Sources */ = {isa = PBXBuildFile; fileRef = B0070004 /* PortalsDetailView.swift */; };
		B0070005 /* TemperatureDetailView.swift in Sources */ = {isa = PBXBuildFile; fileRef = B0070006 /* TemperatureDetailView.swift */; };
		B0070007 /* PowerDetailView.swift in Sources */ = {isa = PBXBuildFile; fileRef = B0070008 /* PowerDetailView.swift */; };
		B0080001 /* NotificationHistoryView.swift in Sources */ = {isa = PBXBuildFile; fileRef = B0080002 /* NotificationHistoryView.swift */; };
		B0090001 /* PinnedItemsView.swift in Sources */ = {isa = PBXBuildFile; fileRef = B0090002 /* PinnedItemsView.swift */; };
/* End PBXBuildFile section */

/* Begin PBXContainerItemProxy section */
		8119B5E12F8CD47F00D887AC /* PBXContainerItemProxy */ = {
			isa = PBXContainerItemProxy;
			containerPortal = B0010018 /* Project object */;
			proxyType = 1;
			remoteGlobalIDString = 8119B5D02F8CD47E00D887AC;
			remoteInfo = UptimeDashboardWidgetExtension;
		};
		816E9C682F893487004F93EF /* PBXContainerItemProxy */ = {
			isa = PBXContainerItemProxy;
			containerPortal = B0010018 /* Project object */;
			proxyType = 1;
			remoteGlobalIDString = 816E9C5F2F893486004F93EF;
			remoteInfo = "UptimeDashboardWatch Watch App";
		};
		8178D05E2F9243E20002E724 /* PBXContainerItemProxy */ = {
			isa = PBXContainerItemProxy;
			containerPortal = B0010018 /* Project object */;
			proxyType = 1;
			remoteGlobalIDString = 8178D0502F9243E10002E724;
			remoteInfo = UptimeDashboardWatchWidgetExtension;
		};
		81CFDD172F8D0818004F2EA8 /* PBXContainerItemProxy */ = {
			isa = PBXContainerItemProxy;
			containerPortal = B0010018 /* Project object */;
			proxyType = 1;
			remoteGlobalIDString = 81CFDD092F8D0816004F2EA8;
			remoteInfo = UptimeDashboardMacWidgetExtension;
		};
/* End PBXContainerItemProxy section */

/* Begin PBXCopyFilesBuildPhase section */
		8119B5E42F8CD47F00D887AC /* Embed Foundation Extensions */ = {
			isa = PBXCopyFilesBuildPhase;
			buildActionMask = 2147483647;
			dstPath = "";
			dstSubfolderSpec = 13;
			files = (
				8119B5E32F8CD47F00D887AC /* UptimeDashboardWidgetExtension.appex in Embed Foundation Extensions */,
			);
			name = "Embed Foundation Extensions";
			runOnlyForDeploymentPostprocessing = 0;
		};
		816E9C6B2F893487004F93EF /* Embed Watch Content */ = {
			isa = PBXCopyFilesBuildPhase;
			buildActionMask = 2147483647;
			dstPath = "$(CONTENTS_FOLDER_PATH)/Watch";
			dstSubfolderSpec = 16;
			files = (
				816E9C6A2F893487004F93EF /* UptimeDashboardWatch Watch App.app in Embed Watch Content */,
			);
			name = "Embed Watch Content";
			runOnlyForDeploymentPostprocessing = 0;
		};
		8178D0612F9243E20002E724 /* Embed Foundation Extensions */ = {
			isa = PBXCopyFilesBuildPhase;
			buildActionMask = 2147483647;
			dstPath = "";
			dstSubfolderSpec = 13;
			files = (
				8178D0602F9243E20002E724 /* UptimeDashboardWatchWidgetExtension.appex in Embed Foundation Extensions */,
			);
			name = "Embed Foundation Extensions";
			runOnlyForDeploymentPostprocessing = 0;
		};
		81CFDD1E2F8D0818004F2EA8 /* Embed Foundation Extensions */ = {
			isa = PBXCopyFilesBuildPhase;
			buildActionMask = 2147483647;
			dstPath = "";
			dstSubfolderSpec = 13;
			files = (
				81CFDD192F8D0818004F2EA8 /* UptimeDashboardMacWidgetExtension.appex in Embed Foundation Extensions */,
			);
			name = "Embed Foundation Extensions";
			runOnlyForDeploymentPostprocessing = 0;
		};
/* End PBXCopyFilesBuildPhase section */

/* Begin PBXFileReference section */
		8119B5D12F8CD47E00D887AC /* UptimeDashboardWidgetExtension.appex */ = {isa = PBXFileReference; explicitFileType = "wrapper.app-extension"; includeInIndex = 0; path = UptimeDashboardWidgetExtension.appex; sourceTree = BUILT_PRODUCTS_DIR; };
		8119B5D32F8CD47E00D887AC /* WidgetKit.framework */ = {isa = PBXFileReference; lastKnownFileType = wrapper.framework; name = WidgetKit.framework; path = System/Library/Frameworks/WidgetKit.framework; sourceTree = SDKROOT; };
		8119B5D52F8CD47E00D887AC /* SwiftUI.framework */ = {isa = PBXFileReference; lastKnownFileType = wrapper.framework; name = SwiftUI.framework; path = System/Library/Frameworks/SwiftUI.framework; sourceTree = SDKROOT; };
		816E9C602F893486004F93EF /* UptimeDashboardWatch Watch App.app */ = {isa = PBXFileReference; explicitFileType = wrapper.application; includeInIndex = 0; path = "UptimeDashboardWatch Watch App.app"; sourceTree = BUILT_PRODUCTS_DIR; };
		816E9C772F89397A004F93EF /* WCSessionDelegateHandler.swift */ = {isa = PBXFileReference; lastKnownFileType = sourcecode.swift; path = WCSessionDelegateHandler.swift; sourceTree = "<group>"; };
		817341D42FC47FEA0038AE30 /* HelpView.swift */ = {isa = PBXFileReference; lastKnownFileType = sourcecode.swift; path = HelpView.swift; sourceTree = "<group>"; };
		8178D0512F9243E10002E724 /* UptimeDashboardWatchWidgetExtension.appex */ = {isa = PBXFileReference; explicitFileType = "wrapper.app-extension"; includeInIndex = 0; path = UptimeDashboardWatchWidgetExtension.appex; sourceTree = BUILT_PRODUCTS_DIR; };
		819D22DA2F8D01A7006BDA8D /* Dashboard INVA MAC.app */ = {isa = PBXFileReference; explicitFileType = wrapper.application; includeInIndex = 0; path = "Dashboard INVA MAC.app"; sourceTree = BUILT_PRODUCTS_DIR; };
		81B2E7F62F86A62200856F5A /* UptimeDashboard.entitlements */ = {isa = PBXFileReference; lastKnownFileType = text.plist.entitlements; path = UptimeDashboard.entitlements; sourceTree = "<group>"; };
		81CFDD0A2F8D0816004F2EA8 /* UptimeDashboardMacWidgetExtension.appex */ = {isa = PBXFileReference; explicitFileType = "wrapper.app-extension"; includeInIndex = 0; path = UptimeDashboardMacWidgetExtension.appex; sourceTree = BUILT_PRODUCTS_DIR; };
		B001000B /* UptimeDashboardApp.swift */ = {isa = PBXFileReference; lastKnownFileType = sourcecode.swift; path = UptimeDashboardApp.swift; sourceTree = "<group>"; };
		B001000C /* Info.plist */ = {isa = PBXFileReference; lastKnownFileType = text.plist.xml; path = Info.plist; sourceTree = "<group>"; };
		B001000D /* Dashboard INVA.app */ = {isa = PBXFileReference; explicitFileType = wrapper.application; includeInIndex = 0; path = "Dashboard INVA.app"; sourceTree = BUILT_PRODUCTS_DIR; };
		B0020002 /* DashboardModels.swift */ = {isa = PBXFileReference; lastKnownFileType = sourcecode.swift; path = DashboardModels.swift; sourceTree = "<group>"; };
		B0020004 /* KeychainStore.swift */ = {isa = PBXFileReference; lastKnownFileType = sourcecode.swift; path = KeychainStore.swift; sourceTree = "<group>"; };
		B0020006 /* NetworkClient.swift */ = {isa = PBXFileReference; lastKnownFileType = sourcecode.swift; path = NetworkClient.swift; sourceTree = "<group>"; };
		B0020008 /* NotificationManager.swift */ = {isa = PBXFileReference; lastKnownFileType = sourcecode.swift; path = NotificationManager.swift; sourceTree = "<group>"; };
		B002000A /* Config.swift */ = {isa = PBXFileReference; lastKnownFileType = sourcecode.swift; path = Config.swift; sourceTree = "<group>"; };
		B002000C /* AuthViewModel.swift */ = {isa = PBXFileReference; lastKnownFileType = sourcecode.swift; path = AuthViewModel.swift; sourceTree = "<group>"; };
		B002000E /* DashboardViewModel.swift */ = {isa = PBXFileReference; lastKnownFileType = sourcecode.swift; path = DashboardViewModel.swift; sourceTree = "<group>"; };
		B0020010 /* SettingsViewModel.swift */ = {isa = PBXFileReference; lastKnownFileType = sourcecode.swift; path = SettingsViewModel.swift; sourceTree = "<group>"; };
		B0020012 /* LoginView.swift */ = {isa = PBXFileReference; lastKnownFileType = sourcecode.swift; path = LoginView.swift; sourceTree = "<group>"; };
		B0020014 /* TwoFAView.swift */ = {isa = PBXFileReference; lastKnownFileType = sourcecode.swift; path = TwoFAView.swift; sourceTree = "<group>"; };
		B0020016 /* DashboardView.swift */ = {isa = PBXFileReference; lastKnownFileType = sourcecode.swift; path = DashboardView.swift; sourceTree = "<group>"; };
		B0020018 /* SparklineView.swift */ = {isa = PBXFileReference; lastKnownFileType = sourcecode.swift; path = SparklineView.swift; sourceTree = "<group>"; };
		B002001A /* BiometricGateView.swift */ = {isa = PBXFileReference; lastKnownFileType = sourcecode.swift; path = BiometricGateView.swift; sourceTree = "<group>"; };
		B002001C /* SplashView.swift */ = {isa = PBXFileReference; lastKnownFileType = sourcecode.swift; path = SplashView.swift; sourceTree = "<group>"; };
		B002001E /* SettingsView.swift */ = {isa = PBXFileReference; lastKnownFileType = sourcecode.swift; path = SettingsView.swift; sourceTree = "<group>"; };
		B0020031 /* TOTPSetupView.swift */ = {isa = PBXFileReference; lastKnownFileType = sourcecode.swift; path = TOTPSetupView.swift; sourceTree = "<group>"; };
		B0020033 /* ChangePasswordView.swift */ = {isa = PBXFileReference; lastKnownFileType = sourcecode.swift; path = ChangePasswordView.swift; sourceTree = "<group>"; };
		B0020035 /* DeviceAdaptive.swift */ = {isa = PBXFileReference; lastKnownFileType = sourcecode.swift; path = DeviceAdaptive.swift; sourceTree = "<group>"; };
		B0040002 /* Assets.xcassets */ = {isa = PBXFileReference; lastKnownFileType = folder.assetcatalog; path = Assets.xcassets; sourceTree = "<group>"; };
		B0050002 /* SensorModels.swift */ = {isa = PBXFileReference; lastKnownFileType = sourcecode.swift; path = SensorModels.swift; sourceTree = "<group>"; };
		B0060002 /* SensorSparklineView.swift */ = {isa = PBXFileReference; lastKnownFileType = sourcecode.swift; path = SensorSparklineView.swift; sourceTree = "<group>"; };
		B0060004 /* SensorCardView.swift */ = {isa = PBXFileReference; lastKnownFileType = sourcecode.swift; path = SensorCardView.swift; sourceTree = "<group>"; };
		B0060006 /* SensorSectionView.swift */ = {isa = PBXFileReference; lastKnownFileType = sourcecode.swift; path = SensorSectionView.swift; sourceTree = "<group>"; };
		B0070002 /* MonitorRowView.swift */ = {isa = PBXFileReference; lastKnownFileType = sourcecode.swift; path = MonitorRowView.swift; sourceTree = "<group>"; };
		B0070004 /* PortalsDetailView.swift */ = {isa = PBXFileReference; lastKnownFileType = sourcecode.swift; path = PortalsDetailView.swift; sourceTree = "<group>"; };
		B0070006 /* TemperatureDetailView.swift */ = {isa = PBXFileReference; lastKnownFileType = sourcecode.swift; path = TemperatureDetailView.swift; sourceTree = "<group>"; };
		B0070008 /* PowerDetailView.swift */ = {isa = PBXFileReference; lastKnownFileType = sourcecode.swift; path = PowerDetailView.swift; sourceTree = "<group>"; };
		B0080002 /* NotificationHistoryView.swift */ = {isa = PBXFileReference; lastKnownFileType = sourcecode.swift; path = NotificationHistoryView.swift; sourceTree = "<group>"; };
		B0090002 /* PinnedItemsView.swift */ = {isa = PBXFileReference; lastKnownFileType = sourcecode.swift; path = PinnedItemsView.swift; sourceTree = "<group>"; };
/* End PBXFileReference section */

/* Begin PBXFileSystemSynchronizedBuildFileExceptionSet section */
		8119B5E72F8CD47F00D887AC /* PBXFileSystemSynchronizedBuildFileExceptionSet */ = {
			isa = PBXFileSystemSynchronizedBuildFileExceptionSet;
			membershipExceptions = (
				Info.plist,
			);
			target = 8119B5D02F8CD47E00D887AC /* UptimeDashboardWidgetExtension */;
		};
		812ACD132F8D362D00F57706 /* PBXFileSystemSynchronizedBuildFileExceptionSet */ = {
			isa = PBXFileSystemSynchronizedBuildFileExceptionSet;
			membershipExceptions = (
				Info.plist,
			);
			target = 819D22D92F8D01A7006BDA8D /* UptimeDashboardMac */;
		};
		8178D0652F9243E20002E724 /* PBXFileSystemSynchronizedBuildFileExceptionSet */ = {
			isa = PBXFileSystemSynchronizedBuildFileExceptionSet;
			membershipExceptions = (
				Info.plist,
			);
			target = 8178D0502F9243E10002E724 /* UptimeDashboardWatchWidgetExtension */;
		};
		81925FF62F89477E00FDC6C5 /* PBXFileSystemSynchronizedBuildFileExceptionSet */ = {
			isa = PBXFileSystemSynchronizedBuildFileExceptionSet;
			membershipExceptions = (
				"UptimeDashboardWatch-Watch-App-Info.plist",
			);
			target = 816E9C5F2F893486004F93EF /* UptimeDashboardWatch Watch App */;
		};
		81CFDD1A2F8D0818004F2EA8 /* PBXFileSystemSynchronizedBuildFileExceptionSet */ = {
			isa = PBXFileSystemSynchronizedBuildFileExceptionSet;
			membershipExceptions = (
				Info.plist,
			);
			target = 81CFDD092F8D0816004F2EA8 /* UptimeDashboardMacWidgetExtension */;
		};
/* End PBXFileSystemSynchronizedBuildFileExceptionSet section */

/* Begin PBXFileSystemSynchronizedRootGroup section */
		8119B5D72F8CD47E00D887AC /* UptimeDashboardWidget */ = {isa = PBXFileSystemSynchronizedRootGroup; exceptions = (8119B5E72F8CD47F00D887AC /* PBXFileSystemSynchronizedBuildFileExceptionSet */, ); explicitFileTypes = {}; explicitFolders = (); path = UptimeDashboardWidget; sourceTree = "<group>"; };
		816E9C612F893486004F93EF /* UptimeDashboardWatch Watch App */ = {isa = PBXFileSystemSynchronizedRootGroup; exceptions = (81925FF62F89477E00FDC6C5 /* PBXFileSystemSynchronizedBuildFileExceptionSet */, ); explicitFileTypes = {}; explicitFolders = (); path = "UptimeDashboardWatch Watch App"; sourceTree = "<group>"; };
		8178D0542F9243E10002E724 /* UptimeDashboardWatchWidget */ = {isa = PBXFileSystemSynchronizedRootGroup; exceptions = (8178D0652F9243E20002E724 /* PBXFileSystemSynchronizedBuildFileExceptionSet */, ); explicitFileTypes = {}; explicitFolders = (); path = UptimeDashboardWatchWidget; sourceTree = "<group>"; };
		819D22DB2F8D01A7006BDA8D /* UptimeDashboardMac */ = {isa = PBXFileSystemSynchronizedRootGroup; exceptions = (812ACD132F8D362D00F57706 /* PBXFileSystemSynchronizedBuildFileExceptionSet */, ); explicitFileTypes = {}; explicitFolders = (); path = UptimeDashboardMac; sourceTree = "<group>"; };
		81CFDD0D2F8D0816004F2EA8 /* UptimeDashboardMacWidget */ = {isa = PBXFileSystemSynchronizedRootGroup; exceptions = (81CFDD1A2F8D0818004F2EA8 /* PBXFileSystemSynchronizedBuildFileExceptionSet */, ); explicitFileTypes = {}; explicitFolders = (); path = UptimeDashboardMacWidget; sourceTree = "<group>"; };
/* End PBXFileSystemSynchronizedRootGroup section */

/* Begin PBXFrameworksBuildPhase section */
		8119B5CE2F8CD47E00D887AC /* Frameworks */ = {
			isa = PBXFrameworksBuildPhase;
			buildActionMask = 2147483647;
			files = (
				8119B5D62F8CD47E00D887AC /* SwiftUI.framework in Frameworks */,
				8119B5D42F8CD47E00D887AC /* WidgetKit.framework in Frameworks */,
			);
			runOnlyForDeploymentPostprocessing = 0;
		};
		816E9C5D2F893486004F93EF /* Frameworks */ = {
			isa = PBXFrameworksBuildPhase;
			buildActionMask = 2147483647;
			files = (
			);
			runOnlyForDeploymentPostprocessing = 0;
		};
		8178D04E2F9243E10002E724 /* Frameworks */ = {
			isa = PBXFrameworksBuildPhase;
			buildActionMask = 2147483647;
			files = (
				8178D0532F9243E10002E724 /* SwiftUI.framework in Frameworks */,
				8178D0522F9243E10002E724 /* WidgetKit.framework in Frameworks */,
			);
			runOnlyForDeploymentPostprocessing = 0;
		};
		819D22D72F8D01A7006BDA8D /* Frameworks */ = {
			isa = PBXFrameworksBuildPhase;
			buildActionMask = 2147483647;
			files = (
			);
			runOnlyForDeploymentPostprocessing = 0;
		};
		81CFDD072F8D0816004F2EA8 /* Frameworks */ = {
			isa = PBXFrameworksBuildPhase;
			buildActionMask = 2147483647;
			files = (
				81CFDD0C2F8D0816004F2EA8 /* SwiftUI.framework in Frameworks */,
				81CFDD0B2F8D0816004F2EA8 /* WidgetKit.framework in Frameworks */,
			);
			runOnlyForDeploymentPostprocessing = 0;
		};
		B0010010 /* Frameworks */ = {
			isa = PBXFrameworksBuildPhase;
			buildActionMask = 2147483647;
			files = (
			);
			runOnlyForDeploymentPostprocessing = 0;
		};
/* End PBXFrameworksBuildPhase section */

/* Begin PBXGroup section */
		8119B5D22F8CD47E00D887AC /* Frameworks */ = {
			isa = PBXGroup;
			children = (
				8119B5D32F8CD47E00D887AC /* WidgetKit.framework */,
				8119B5D52F8CD47E00D887AC /* SwiftUI.framework */,
			);
			name = Frameworks;
			sourceTree = "<group>";
		};
		B0010011 = {
			isa = PBXGroup;
			children = (
				B0010012,
				816E9C612F893486004F93EF /* UptimeDashboardWatch Watch App */,
				8119B5D72F8CD47E00D887AC /* UptimeDashboardWidget */,
				819D22DB2F8D01A7006BDA8D /* UptimeDashboardMac */,
				81CFDD0D2F8D0816004F2EA8 /* UptimeDashboardMacWidget */,
				8178D0542F9243E10002E724 /* UptimeDashboardWatchWidget */,
				8119B5D22F8CD47E00D887AC /* Frameworks */,
				B0010013 /* Products */,
			);
			sourceTree = "<group>";
		};
		B0010012 = {
			isa = PBXGroup;
			children = (
				81B2E7F62F86A62200856F5A /* UptimeDashboard.entitlements */,
				B001000B /* UptimeDashboardApp.swift */,
				B001000C /* Info.plist */,
				B0030006 /* Resources */,
				B0030001 /* Models */,
				B0030002 /* Services */,
				B0030003 /* Utils */,
				B0030004 /* ViewModels */,
				B0030005 /* Views */,
			);
			sourceTree = "<group>";
		};
		B0010013 /* Products */ = {
			isa = PBXGroup;
			children = (
				B001000D /* Dashboard INVA.app */,
				816E9C602F893486004F93EF /* UptimeDashboardWatch Watch App.app */,
				8119B5D12F8CD47E00D887AC /* UptimeDashboardWidgetExtension.appex */,
				819D22DA2F8D01A7006BDA8D /* Dashboard INVA MAC.app */,
				81CFDD0A2F8D0816004F2EA8 /* UptimeDashboardMacWidgetExtension.appex */,
				8178D0512F9243E10002E724 /* UptimeDashboardWatchWidgetExtension.appex */,
			);
			name = Products;
			sourceTree = "<group>";
		};
		B0030001 /* Models */ = {
			isa = PBXGroup;
			children = (
				B0020002 /* DashboardModels.swift */,
				B0050002 /* SensorModels.swift */,
			);
			path = Models;
			sourceTree = "<group>";
		};
		B0030002 /* Services */ = {
			isa = PBXGroup;
			children = (
				816E9C772F89397A004F93EF /* WCSessionDelegateHandler.swift */,
				B0020004 /* KeychainStore.swift */,
				B0020006 /* NetworkClient.swift */,
				B0020008 /* NotificationManager.swift */,
			);
			path = Services;
			sourceTree = "<group>";
		};
		B0030003 /* Utils */ = {
			isa = PBXGroup;
			children = (
				B002000A /* Config.swift */,
				B0020035 /* DeviceAdaptive.swift */,
			);
			path = Utils;
			sourceTree = "<group>";
		};
		B0030004 /* ViewModels */ = {
			isa = PBXGroup;
			children = (
				B002000C /* AuthViewModel.swift */,
				B002000E /* DashboardViewModel.swift */,
				B0020010 /* SettingsViewModel.swift */,
			);
			path = ViewModels;
			sourceTree = "<group>";
		};
		B0030005 /* Views */ = {
			isa = PBXGroup;
			children = (
				B0060007 /* Sensors */,
				817341D42FC47FEA0038AE30 /* HelpView.swift */,
				B0020012 /* LoginView.swift */,
				B0020014 /* TwoFAView.swift */,
				B0020016 /* DashboardView.swift */,
				B0020018 /* SparklineView.swift */,
				B002001A /* BiometricGateView.swift */,
				B002001C /* SplashView.swift */,
				B002001E /* SettingsView.swift */,
				B0020031 /* TOTPSetupView.swift */,
				B0020033 /* ChangePasswordView.swift */,
				B0070002 /* MonitorRowView.swift */,
				B0070004 /* PortalsDetailView.swift */,
				B0080002 /* NotificationHistoryView.swift */,
				B0090002 /* PinnedItemsView.swift */,
			);
			path = Views;
			sourceTree = "<group>";
		};
		B0030006 /* Resources */ = {
			isa = PBXGroup;
			children = (
				B0040002 /* Assets.xcassets */,
			);
			path = Resources;
			sourceTree = "<group>";
		};
		B0060007 /* Sensors */ = {
			isa = PBXGroup;
			children = (
				B0060002 /* SensorSparklineView.swift */,
				B0060004 /* SensorCardView.swift */,
				B0060006 /* SensorSectionView.swift */,
				B0070006 /* TemperatureDetailView.swift */,
				B0070008 /* PowerDetailView.swift */,
			);
			path = Sensors;
			sourceTree = "<group>";
		};
/* End PBXGroup section */

/* Begin PBXNativeTarget section */
		8119B5D02F8CD47E00D887AC /* UptimeDashboardWidgetExtension */ = {
			isa = PBXNativeTarget;
			buildConfigurationList = 8119B5E82F8CD47F00D887AC /* Build configuration list for PBXNativeTarget "UptimeDashboardWidgetExtension" */;
			buildPhases = (
				8119B5CD2F8CD47E00D887AC /* Sources */,
				8119B5CE2F8CD47E00D887AC /* Frameworks */,
				8119B5CF2F8CD47E00D887AC /* Resources */,
			);
			buildRules = (
			);
			dependencies = (
			);
			fileSystemSynchronizedGroups = (
				8119B5D72F8CD47E00D887AC /* UptimeDashboardWidget */,
			);
			name = UptimeDashboardWidgetExtension;
			packageProductDependencies = (
			);
			productName = UptimeDashboardWidgetExtension;
			productReference = 8119B5D12F8CD47E00D887AC /* UptimeDashboardWidgetExtension.appex */;
			productType = "com.apple.product-type.app-extension";
		};
		816E9C5F2F893486004F93EF /* UptimeDashboardWatch Watch App */ = {
			isa = PBXNativeTarget;
			buildConfigurationList = 816E9C6E2F893487004F93EF /* Build configuration list for PBXNativeTarget "UptimeDashboardWatch Watch App" */;
			buildPhases = (
				816E9C5C2F893486004F93EF /* Sources */,
				816E9C5D2F893486004F93EF /* Frameworks */,
				816E9C5E2F893486004F93EF /* Resources */,
				8178D0612F9243E20002E724 /* Embed Foundation Extensions */,
			);
			buildRules = (
			);
			dependencies = (
				8178D05F2F9243E20002E724 /* PBXTargetDependency */,
			);
			fileSystemSynchronizedGroups = (
				816E9C612F893486004F93EF /* UptimeDashboardWatch Watch App */,
			);
			name = "UptimeDashboardWatch Watch App";
			packageProductDependencies = (
			);
			productName = "UptimeDashboardWatch Watch App";
			productReference = 816E9C602F893486004F93EF /* UptimeDashboardWatch Watch App.app */;
			productType = "com.apple.product-type.application";
		};
		8178D0502F9243E10002E724 /* UptimeDashboardWatchWidgetExtension */ = {
			isa = PBXNativeTarget;
			buildConfigurationList = 8178D0642F9243E20002E724 /* Build configuration list for PBXNativeTarget "UptimeDashboardWatchWidgetExtension" */;
			buildPhases = (
				8178D04D2F9243E10002E724 /* Sources */,
				8178D04E2F9243E10002E724 /* Frameworks */,
				8178D04F2F9243E10002E724 /* Resources */,
			);
			buildRules = (
			);
			dependencies = (
			);
			fileSystemSynchronizedGroups = (
				8178D0542F9243E10002E724 /* UptimeDashboardWatchWidget */,
			);
			name = UptimeDashboardWatchWidgetExtension;
			packageProductDependencies = (
			);
			productName = UptimeDashboardWatchWidgetExtension;
			productReference = 8178D0512F9243E10002E724 /* UptimeDashboardWatchWidgetExtension.appex */;
			productType = "com.apple.product-type.app-extension";
		};
		819D22D92F8D01A7006BDA8D /* UptimeDashboardMac */ = {
			isa = PBXNativeTarget;
			buildConfigurationList = 819D22E22F8D01A9006BDA8D /* Build configuration list for PBXNativeTarget "UptimeDashboardMac" */;
			buildPhases = (
				819D22D62F8D01A7006BDA8D /* Sources */,
				819D22D72F8D01A7006BDA8D /* Frameworks */,
				819D22D82F8D01A7006BDA8D /* Resources */,
				81CFDD1E2F8D0818004F2EA8 /* Embed Foundation Extensions */,
			);
			buildRules = (
			);
			dependencies = (
				81CFDD182F8D0818004F2EA8 /* PBXTargetDependency */,
			);
			fileSystemSynchronizedGroups = (
				819D22DB2F8D01A7006BDA8D /* UptimeDashboardMac */,
			);
			name = UptimeDashboardMac;
			packageProductDependencies = (
			);
			productName = UptimeDashboardMac;
			productReference = 819D22DA2F8D01A7006BDA8D /* Dashboard INVA MAC.app */;
			productType = "com.apple.product-type.application";
		};
		81CFDD092F8D0816004F2EA8 /* UptimeDashboardMacWidgetExtension */ = {
			isa = PBXNativeTarget;
			buildConfigurationList = 81CFDD1B2F8D0818004F2EA8 /* Build configuration list for PBXNativeTarget "UptimeDashboardMacWidgetExtension" */;
			buildPhases = (
				81CFDD062F8D0816004F2EA8 /* Sources */,
				81CFDD072F8D0816004F2EA8 /* Frameworks */,
				81CFDD082F8D0816004F2EA8 /* Resources */,
			);
			buildRules = (
			);
			dependencies = (
			);
			fileSystemSynchronizedGroups = (
				81CFDD0D2F8D0816004F2EA8 /* UptimeDashboardMacWidget */,
			);
			name = UptimeDashboardMacWidgetExtension;
			packageProductDependencies = (
			);
			productName = UptimeDashboardMacWidgetExtension;
			productReference = 81CFDD0A2F8D0816004F2EA8 /* UptimeDashboardMacWidgetExtension.appex */;
			productType = "com.apple.product-type.app-extension";
		};
		B0010014 /* Dashboard INVA */ = {
			isa = PBXNativeTarget;
			buildConfigurationList = B0010015 /* Build configuration list for PBXNativeTarget "Dashboard INVA" */;
			buildPhases = (
				B0010016 /* Sources */,
				B0010010 /* Frameworks */,
				B0010017 /* Resources */,
				816E9C6B2F893487004F93EF /* Embed Watch Content */,
				8119B5E42F8CD47F00D887AC /* Embed Foundation Extensions */,
			);
			buildRules = (
			);
			dependencies = (
				816E9C692F893487004F93EF /* PBXTargetDependency */,
				8119B5E22F8CD47F00D887AC /* PBXTargetDependency */,
			);
			name = "Dashboard INVA";
			productName = UptimeDashboard;
			productReference = B001000D /* Dashboard INVA.app */;
			productType = "com.apple.product-type.application";
		};
/* End PBXNativeTarget section */

/* Begin PBXProject section */
		B0010018 /* Project object */ = {
			isa = PBXProject;
			attributes = {
				BuildIndependentTargetsInParallel = 1;
				LastSwiftUpdateCheck = 2640;
				LastUpgradeCheck = 2640;
				TargetAttributes = {
					8119B5D02F8CD47E00D887AC = {
						CreatedOnToolsVersion = 26.4;
					};
					816E9C5F2F893486004F93EF = {
						CreatedOnToolsVersion = 26.4;
					};
					8178D0502F9243E10002E724 = {
						CreatedOnToolsVersion = 26.4.1;
					};
					819D22D92F8D01A7006BDA8D = {
						CreatedOnToolsVersion = 26.4;
					};
					81CFDD092F8D0816004F2EA8 = {
						CreatedOnToolsVersion = 26.4;
					};
					B0010014 = {
						CreatedOnToolsVersion = 15.0;
					};
				};
			};
			buildConfigurationList = B0010019 /* Build configuration list for PBXProject "ABISSI  INVA" */;
			compatibilityVersion = "Xcode 14.0";
			developmentRegion = en;
			hasScannedForEncodings = 0;
			knownRegions = (
				en,
				Base,
			);
			mainGroup = B0010011;
			productRefGroup = B0010013 /* Products */;
			projectDirPath = "";
			projectRoot = "";
			targets = (
				B0010014 /* Dashboard INVA */,
				816E9C5F2F893486004F93EF /* UptimeDashboardWatch Watch App */,
				8119B5D02F8CD47E00D887AC /* UptimeDashboardWidgetExtension */,
				819D22D92F8D01A7006BDA8D /* UptimeDashboardMac */,
				81CFDD092F8D0816004F2EA8 /* UptimeDashboardMacWidgetExtension */,
				8178D0502F9243E10002E724 /* UptimeDashboardWatchWidgetExtension */,
			);
		};
/* End PBXProject section */

/* Begin PBXResourcesBuildPhase section */
		8119B5CF2F8CD47E00D887AC /* Resources */ = {
			isa = PBXResourcesBuildPhase;
			buildActionMask = 2147483647;
			files = (
			);
			runOnlyForDeploymentPostprocessing = 0;
		};
		816E9C5E2F893486004F93EF /* Resources */ = {
			isa = PBXResourcesBuildPhase;
			buildActionMask = 2147483647;
			files = (
			);
			runOnlyForDeploymentPostprocessing = 0;
		};
		8178D04F2F9243E10002E724 /* Resources */ = {
			isa = PBXResourcesBuildPhase;
			buildActionMask = 2147483647;
			files = (
			);
			runOnlyForDeploymentPostprocessing = 0;
		};
		819D22D82F8D01A7006BDA8D /* Resources */ = {
			isa = PBXResourcesBuildPhase;
			buildActionMask = 2147483647;
			files = (
			);
			runOnlyForDeploymentPostprocessing = 0;
		};
		81CFDD082F8D0816004F2EA8 /* Resources */ = {
			isa = PBXResourcesBuildPhase;
			buildActionMask = 2147483647;
			files = (
			);
			runOnlyForDeploymentPostprocessing = 0;
		};
		B0010017 /* Resources */ = {
			isa = PBXResourcesBuildPhase;
			buildActionMask = 2147483647;
			files = (
				B0040001 /* Assets.xcassets in Resources */,
			);
			runOnlyForDeploymentPostprocessing = 0;
		};
/* End PBXResourcesBuildPhase section */

/* Begin PBXSourcesBuildPhase section */
		8119B5CD2F8CD47E00D887AC /* Sources */ = {
			isa = PBXSourcesBuildPhase;
			buildActionMask = 2147483647;
			files = (
			);
			runOnlyForDeploymentPostprocessing = 0;
		};
		816E9C5C2F893486004F93EF /* Sources */ = {
			isa = PBXSourcesBuildPhase;
			buildActionMask = 2147483647;
			files = (
			);
			runOnlyForDeploymentPostprocessing = 0;
		};
		8178D04D2F9243E10002E724 /* Sources */ = {
			isa = PBXSourcesBuildPhase;
			buildActionMask = 2147483647;
			files = (
			);
			runOnlyForDeploymentPostprocessing = 0;
		};
		819D22D62F8D01A7006BDA8D /* Sources */ = {
			isa = PBXSourcesBuildPhase;
			buildActionMask = 2147483647;
			files = (
			);
			runOnlyForDeploymentPostprocessing = 0;
		};
		81CFDD062F8D0816004F2EA8 /* Sources */ = {
			isa = PBXSourcesBuildPhase;
			buildActionMask = 2147483647;
			files = (
			);
			runOnlyForDeploymentPostprocessing = 0;
		};
		B0010016 /* Sources */ = {
			isa = PBXSourcesBuildPhase;
			buildActionMask = 2147483647;
			files = (
				B001000A /* UptimeDashboardApp.swift in Sources */,
				B0020001 /* DashboardModels.swift in Sources */,
				B0050001 /* SensorModels.swift in Sources */,
				B0060001 /* SensorSparklineView.swift in Sources */,
				B0060003 /* SensorCardView.swift in Sources */,
				B0060005 /* SensorSectionView.swift in Sources */,
				B0070001 /* MonitorRowView.swift in Sources */,
				B0070003 /* PortalsDetailView.swift in Sources */,
				B0070005 /* TemperatureDetailView.swift in Sources */,
				B0070007 /* PowerDetailView.swift in Sources */,
				B0080001 /* NotificationHistoryView.swift in Sources */,
				B0090001 /* PinnedItemsView.swift in Sources */,
				B0020003 /* KeychainStore.swift in Sources */,
				B0020005 /* NetworkClient.swift in Sources */,
				816E9C782F89397A004F93EF /* WCSessionDelegateHandler.swift in Sources */,
				B0020007 /* NotificationManager.swift in Sources */,
				B0020009 /* Config.swift in Sources */,
				B0020034 /* DeviceAdaptive.swift in Sources */,
				B002000B /* AuthViewModel.swift in Sources */,
				B002000D /* DashboardViewModel.swift in Sources */,
				817341D52FC47FEA0038AE30 /* HelpView.swift in Sources */,
				B002000F /* SettingsViewModel.swift in Sources */,
				B0020011 /* LoginView.swift in Sources */,
				B0020013 /* TwoFAView.swift in Sources */,
				B0020015 /* DashboardView.swift in Sources */,
				B0020017 /* SparklineView.swift in Sources */,
				B0020019 /* BiometricGateView.swift in Sources */,
				B002001B /* SplashView.swift in Sources */,
				B002001D /* SettingsView.swift in Sources */,
				B0020030 /* TOTPSetupView.swift in Sources */,
				B0020032 /* ChangePasswordView.swift in Sources */,
			);
			runOnlyForDeploymentPostprocessing = 0;
		};
/* End PBXSourcesBuildPhase section */

/* Begin PBXTargetDependency section */
		8119B5E22F8CD47F00D887AC /* PBXTargetDependency */ = {
			isa = PBXTargetDependency;
			target = 8119B5D02F8CD47E00D887AC /* UptimeDashboardWidgetExtension */;
			targetProxy = 8119B5E12F8CD47F00D887AC /* PBXContainerItemProxy */;
		};
		816E9C692F893487004F93EF /* PBXTargetDependency */ = {
			isa = PBXTargetDependency;
			target = 816E9C5F2F893486004F93EF /* UptimeDashboardWatch Watch App */;
			targetProxy = 816E9C682F893487004F93EF /* PBXContainerItemProxy */;
		};
		8178D05F2F9243E20002E724 /* PBXTargetDependency */ = {
			isa = PBXTargetDependency;
			target = 8178D0502F9243E10002E724 /* UptimeDashboardWatchWidgetExtension */;
			targetProxy = 8178D05E2F9243E20002E724 /* PBXContainerItemProxy */;
		};
		81CFDD182F8D0818004F2EA8 /* PBXTargetDependency */ = {
			isa = PBXTargetDependency;
			target = 81CFDD092F8D0816004F2EA8 /* UptimeDashboardMacWidgetExtension */;
			targetProxy = 81CFDD172F8D0818004F2EA8 /* PBXContainerItemProxy */;
		};
/* End PBXTargetDependency section */

/* Begin XCBuildConfiguration section */
		8119B5E52F8CD47F00D887AC /* Debug */ = {
			isa = XCBuildConfiguration;
			buildSettings = {
				ASSETCATALOG_COMPILER_GENERATE_SWIFT_ASSET_SYMBOL_EXTENSIONS = YES;
				ASSETCATALOG_COMPILER_GLOBAL_ACCENT_COLOR_NAME = AccentColor;
				ASSETCATALOG_COMPILER_WIDGET_BACKGROUND_COLOR_NAME = WidgetBackground;
				CODE_SIGN_STYLE = Automatic;
				CURRENT_PROJECT_VERSION = 1;
				GENERATE_INFOPLIST_FILE = YES;
				INFOPLIST_FILE = UptimeDashboardWidget/Info.plist;
				INFOPLIST_KEY_CFBundleDisplayName = UptimeDashboardWidget;
				INFOPLIST_KEY_NSHumanReadableCopyright = "";
				IPHONEOS_DEPLOYMENT_TARGET = 26.4;
				LD_RUNPATH_SEARCH_PATHS = (
					"$(inherited)",
					"@executable_path/Frameworks",
					"@executable_path/../../Frameworks",
				);
				LOCALIZATION_PREFERS_STRING_CATALOGS = YES;
				MARKETING_VERSION = 1.0;
				PRODUCT_BUNDLE_IDENTIFIER = cloud.sundata.uptimeDashboard.UptimeDashboardWidget;
				PRODUCT_NAME = "$(TARGET_NAME)";
				SKIP_INSTALL = YES;
				STRING_CATALOG_GENERATE_SYMBOLS = YES;
				SUPPORTED_PLATFORMS = "iphoneos iphonesimulator";
				SUPPORTS_MACCATALYST = YES;
				SWIFT_APPROACHABLE_CONCURRENCY = YES;
				SWIFT_EMIT_LOC_STRINGS = YES;
				SWIFT_UPCOMING_FEATURE_MEMBER_IMPORT_VISIBILITY = YES;
				SWIFT_VERSION = 5.0;
				TARGETED_DEVICE_FAMILY = "1,2";
			};
			name = Debug;
		};
		8119B5E62F8CD47F00D887AC /* Release */ = {
			isa = XCBuildConfiguration;
			buildSettings = {
				ASSETCATALOG_COMPILER_GENERATE_SWIFT_ASSET_SYMBOL_EXTENSIONS = YES;
				ASSETCATALOG_COMPILER_GLOBAL_ACCENT_COLOR_NAME = AccentColor;
				ASSETCATALOG_COMPILER_WIDGET_BACKGROUND_COLOR_NAME = WidgetBackground;
				CODE_SIGN_STYLE = Automatic;
				CURRENT_PROJECT_VERSION = 1;
				GENERATE_INFOPLIST_FILE = YES;
				INFOPLIST_FILE = UptimeDashboardWidget/Info.plist;
				INFOPLIST_KEY_CFBundleDisplayName = UptimeDashboardWidget;
				INFOPLIST_KEY_NSHumanReadableCopyright = "";
				IPHONEOS_DEPLOYMENT_TARGET = 26.4;
				LD_RUNPATH_SEARCH_PATHS = (
					"$(inherited)",
					"@executable_path/Frameworks",
					"@executable_path/../../Frameworks",
				);
				LOCALIZATION_PREFERS_STRING_CATALOGS = YES;
				MARKETING_VERSION = 1.0;
				MTL_ENABLE_DEBUG_INFO = NO;
				PRODUCT_BUNDLE_IDENTIFIER = cloud.sundata.uptimeDashboard.UptimeDashboardWidget;
				PRODUCT_NAME = "$(TARGET_NAME)";
				SKIP_INSTALL = YES;
				STRING_CATALOG_GENERATE_SYMBOLS = YES;
				SUPPORTED_PLATFORMS = "iphoneos iphonesimulator";
				SUPPORTS_MACCATALYST = YES;
				SWIFT_APPROACHABLE_CONCURRENCY = YES;
				SWIFT_EMIT_LOC_STRINGS = YES;
				SWIFT_UPCOMING_FEATURE_MEMBER_IMPORT_VISIBILITY = YES;
				SWIFT_VERSION = 5.0;
				TARGETED_DEVICE_FAMILY = "1,2";
			};
			name = Release;
		};
		816E9C6C2F893487004F93EF /* Debug */ = {
			isa = XCBuildConfiguration;
			buildSettings = {
				ASSETCATALOG_COMPILER_APPICON_NAME = AppIcon;
				ASSETCATALOG_COMPILER_GENERATE_SWIFT_ASSET_SYMBOL_EXTENSIONS = YES;
				ASSETCATALOG_COMPILER_GLOBAL_ACCENT_COLOR_NAME = AccentColor;
				CODE_SIGN_STYLE = Automatic;
				CURRENT_PROJECT_VERSION = 1;
				ENABLE_PREVIEWS = YES;
				GENERATE_INFOPLIST_FILE = YES;
				INFOPLIST_FILE = "UptimeDashboardWatch-Watch-App-Info.plist";
				INFOPLIST_KEY_CFBundleDisplayName = "Dashboard INVA";
				INFOPLIST_KEY_UISupportedInterfaceOrientations = "UIInterfaceOrientationPortrait UIInterfaceOrientationPortraitUpsideDown";
				INFOPLIST_KEY_WKCompanionAppBundleIdentifier = cloud.sundata.uptimeDashboard;
				LD_RUNPATH_SEARCH_PATHS = (
					"$(inherited)",
					"@executable_path/Frameworks",
				);
				LOCALIZATION_PREFERS_STRING_CATALOGS = YES;
				MARKETING_VERSION = 1.0;
				PRODUCT_BUNDLE_IDENTIFIER = cloud.sundata.uptimeDashboard.watchkitapp;
				PRODUCT_NAME = "$(TARGET_NAME)";
				SDKROOT = watchos;
				SKIP_INSTALL = YES;
				STRING_CATALOG_GENERATE_SYMBOLS = YES;
				SWIFT_APPROACHABLE_CONCURRENCY = YES;
				SWIFT_DEFAULT_ACTOR_ISOLATION = MainActor;
				SWIFT_EMIT_LOC_STRINGS = YES;
				SWIFT_UPCOMING_FEATURE_MEMBER_IMPORT_VISIBILITY = YES;
				SWIFT_VERSION = 5.0;
				TARGETED_DEVICE_FAMILY = 4;
				WATCHOS_DEPLOYMENT_TARGET = 26.4;
			};
			name = Debug;
		};
		816E9C6D2F893487004F93EF /* Release */ = {
			isa = XCBuildConfiguration;
			buildSettings = {
				ASSETCATALOG_COMPILER_APPICON_NAME = AppIcon;
				ASSETCATALOG_COMPILER_GENERATE_SWIFT_ASSET_SYMBOL_EXTENSIONS = YES;
				ASSETCATALOG_COMPILER_GLOBAL_ACCENT_COLOR_NAME = AccentColor;
				CODE_SIGN_STYLE = Automatic;
				CURRENT_PROJECT_VERSION = 1;
				ENABLE_PREVIEWS = YES;
				GENERATE_INFOPLIST_FILE = YES;
				INFOPLIST_FILE = "UptimeDashboardWatch-Watch-App-Info.plist";
				INFOPLIST_KEY_CFBundleDisplayName = "Dashboard INVA";
				INFOPLIST_KEY_UISupportedInterfaceOrientations = "UIInterfaceOrientationPortrait UIInterfaceOrientationPortraitUpsideDown";
				INFOPLIST_KEY_WKCompanionAppBundleIdentifier = cloud.sundata.uptimeDashboard;
				LD_RUNPATH_SEARCH_PATHS = (
					"$(inherited)",
					"@executable_path/Frameworks",
				);
				LOCALIZATION_PREFERS_STRING_CATALOGS = YES;
				MARKETING_VERSION = 1.0;
				MTL_ENABLE_DEBUG_INFO = NO;
				PRODUCT_BUNDLE_IDENTIFIER = cloud.sundata.uptimeDashboard.watchkitapp;
				PRODUCT_NAME = "$(TARGET_NAME)";
				SDKROOT = watchos;
				SKIP_INSTALL = YES;
				STRING_CATALOG_GENERATE_SYMBOLS = YES;
				SWIFT_APPROACHABLE_CONCURRENCY = YES;
				SWIFT_DEFAULT_ACTOR_ISOLATION = MainActor;
				SWIFT_EMIT_LOC_STRINGS = YES;
				SWIFT_UPCOMING_FEATURE_MEMBER_IMPORT_VISIBILITY = YES;
				SWIFT_VERSION = 5.0;
				TARGETED_DEVICE_FAMILY = 4;
				WATCHOS_DEPLOYMENT_TARGET = 26.4;
			};
			name = Release;
		};
		8178D0622F9243E20002E724 /* Debug */ = {
			isa = XCBuildConfiguration;
			buildSettings = {
				ASSETCATALOG_COMPILER_GENERATE_SWIFT_ASSET_SYMBOL_EXTENSIONS = YES;
				ASSETCATALOG_COMPILER_GLOBAL_ACCENT_COLOR_NAME = AccentColor;
				ASSETCATALOG_COMPILER_WIDGET_BACKGROUND_COLOR_NAME = WidgetBackground;
				CODE_SIGN_STYLE = Automatic;
				CURRENT_PROJECT_VERSION = 1;
				GENERATE_INFOPLIST_FILE = YES;
				INFOPLIST_FILE = UptimeDashboardWatchWidget/Info.plist;
				INFOPLIST_KEY_CFBundleDisplayName = UptimeDashboardWatchWidget;
				INFOPLIST_KEY_NSHumanReadableCopyright = "";
				LD_RUNPATH_SEARCH_PATHS = (
					"$(inherited)",
					"@executable_path/Frameworks",
					"@executable_path/../../Frameworks",
					"@executable_path/../../../../Frameworks",
				);
				LOCALIZATION_PREFERS_STRING_CATALOGS = YES;
				MARKETING_VERSION = 1.0;
				PRODUCT_BUNDLE_IDENTIFIER = cloud.sundata.uptimeDashboard.watchkitapp.UptimeDashboardWatchWidget;
				PRODUCT_NAME = "$(TARGET_NAME)";
				SDKROOT = watchos;
				SKIP_INSTALL = YES;
				STRING_CATALOG_GENERATE_SYMBOLS = YES;
				SWIFT_APPROACHABLE_CONCURRENCY = YES;
				SWIFT_EMIT_LOC_STRINGS = YES;
				SWIFT_UPCOMING_FEATURE_MEMBER_IMPORT_VISIBILITY = YES;
				SWIFT_VERSION = 5.0;
				TARGETED_DEVICE_FAMILY = 4;
				WATCHOS_DEPLOYMENT_TARGET = 26.4;
			};
			name = Debug;
		};
		8178D0632F9243E20002E724 /* Release */ = {
			isa = XCBuildConfiguration;
			buildSettings = {
				ASSETCATALOG_COMPILER_GENERATE_SWIFT_ASSET_SYMBOL_EXTENSIONS = YES;
				ASSETCATALOG_COMPILER_GLOBAL_ACCENT_COLOR_NAME = AccentColor;
				ASSETCATALOG_COMPILER_WIDGET_BACKGROUND_COLOR_NAME = WidgetBackground;
				CODE_SIGN_STYLE = Automatic;
				CURRENT_PROJECT_VERSION = 1;
				GENERATE_INFOPLIST_FILE = YES;
				INFOPLIST_FILE = UptimeDashboardWatchWidget/Info.plist;
				INFOPLIST_KEY_CFBundleDisplayName = UptimeDashboardWatchWidget;
				INFOPLIST_KEY_NSHumanReadableCopyright = "";
				LD_RUNPATH_SEARCH_PATHS = (
					"$(inherited)",
					"@executable_path/Frameworks",
					"@executable_path/../../Frameworks",
					"@executable_path/../../../../Frameworks",
				);
				LOCALIZATION_PREFERS_STRING_CATALOGS = YES;
				MARKETING_VERSION = 1.0;
				MTL_ENABLE_DEBUG_INFO = NO;
				PRODUCT_BUNDLE_IDENTIFIER = cloud.sundata.uptimeDashboard.watchkitapp.UptimeDashboardWatchWidget;
				PRODUCT_NAME = "$(TARGET_NAME)";
				SDKROOT = watchos;
				SKIP_INSTALL = YES;
				STRING_CATALOG_GENERATE_SYMBOLS = YES;
				SWIFT_APPROACHABLE_CONCURRENCY = YES;
				SWIFT_EMIT_LOC_STRINGS = YES;
				SWIFT_UPCOMING_FEATURE_MEMBER_IMPORT_VISIBILITY = YES;
				SWIFT_VERSION = 5.0;
				TARGETED_DEVICE_FAMILY = 4;
				WATCHOS_DEPLOYMENT_TARGET = 26.4;
			};
			name = Release;
		};
		819D22E32F8D01A9006BDA8D /* Debug */ = {
			isa = XCBuildConfiguration;
			buildSettings = {
				ASSETCATALOG_COMPILER_APPICON_NAME = AppIcon;
				ASSETCATALOG_COMPILER_GENERATE_SWIFT_ASSET_SYMBOL_EXTENSIONS = YES;
				ASSETCATALOG_COMPILER_GLOBAL_ACCENT_COLOR_NAME = AccentColor;
				ASSETCATALOG_COMPILER_INCLUDE_ALL_APPICON_ASSETS = NO;
				CODE_SIGN_ENTITLEMENTS = UptimeDashboardMac/UptimeDashboardMac.entitlements;
				CODE_SIGN_STYLE = Automatic;
				COMBINE_HIDPI_IMAGES = YES;
				CURRENT_PROJECT_VERSION = 3;
				DEVELOPMENT_TEAM = F62D4NBPSB;
				ENABLE_APP_SANDBOX = YES;
				ENABLE_HARDENED_RUNTIME = YES;
				ENABLE_INCOMING_NETWORK_CONNECTIONS = YES;
				ENABLE_OUTGOING_NETWORK_CONNECTIONS = YES;
				ENABLE_PREVIEWS = YES;
				ENABLE_RESOURCE_ACCESS_AUDIO_INPUT = NO;
				ENABLE_RESOURCE_ACCESS_BLUETOOTH = NO;
				ENABLE_RESOURCE_ACCESS_CALENDARS = NO;
				ENABLE_RESOURCE_ACCESS_CAMERA = NO;
				ENABLE_RESOURCE_ACCESS_CONTACTS = NO;
				ENABLE_RESOURCE_ACCESS_LOCATION = NO;
				ENABLE_RESOURCE_ACCESS_PRINTING = NO;
				ENABLE_RESOURCE_ACCESS_USB = NO;
				ENABLE_USER_SELECTED_FILES = readonly;
				GENERATE_INFOPLIST_FILE = YES;
				INFOPLIST_FILE = UptimeDashboardMac/Info.plist;
				INFOPLIST_KEY_CFBundleDisplayName = "Dashboard INVA MAC";
				INFOPLIST_KEY_LSApplicationCategoryType = "public.app-category.utilities";
				INFOPLIST_KEY_NSHumanReadableCopyright = "";
				LD_RUNPATH_SEARCH_PATHS = (
					"$(inherited)",
					"@executable_path/../Frameworks",
				);
				LOCALIZATION_PREFERS_STRING_CATALOGS = YES;
				MACOSX_DEPLOYMENT_TARGET = 26.4;
				MARKETING_VERSION = 1.1;
				PRODUCT_BUNDLE_IDENTIFIER = cloud.sundata.UptimeDashboardMac;
				PRODUCT_NAME = "Dashboard INVA MAC";
				REGISTER_APP_GROUPS = YES;
				SDKROOT = macosx;
				STRING_CATALOG_GENERATE_SYMBOLS = YES;
				SWIFT_APPROACHABLE_CONCURRENCY = YES;
				SWIFT_DEFAULT_ACTOR_ISOLATION = MainActor;
				SWIFT_EMIT_LOC_STRINGS = YES;
				SWIFT_UPCOMING_FEATURE_MEMBER_IMPORT_VISIBILITY = YES;
				SWIFT_VERSION = 5.0;
				WATCH_API_TOKEN = GKsyMWgBRcc3sB6dwdpeYv1FGJpiTv72XdNPa4S0KvE;
			};
			name = Debug;
		};
		819D22E42F8D01A9006BDA8D /* Release */ = {
			isa = XCBuildConfiguration;
			buildSettings = {
				ASSETCATALOG_COMPILER_APPICON_NAME = AppIcon;
				ASSETCATALOG_COMPILER_GENERATE_SWIFT_ASSET_SYMBOL_EXTENSIONS = YES;
				ASSETCATALOG_COMPILER_GLOBAL_ACCENT_COLOR_NAME = AccentColor;
				ASSETCATALOG_COMPILER_INCLUDE_ALL_APPICON_ASSETS = NO;
				CODE_SIGN_ENTITLEMENTS = UptimeDashboardMac/UptimeDashboardMac.entitlements;
				CODE_SIGN_STYLE = Automatic;
				COMBINE_HIDPI_IMAGES = YES;
				CURRENT_PROJECT_VERSION = 3;
				DEVELOPMENT_TEAM = F62D4NBPSB;
				ENABLE_APP_SANDBOX = YES;
				ENABLE_HARDENED_RUNTIME = YES;
				ENABLE_INCOMING_NETWORK_CONNECTIONS = YES;
				ENABLE_OUTGOING_NETWORK_CONNECTIONS = YES;
				ENABLE_PREVIEWS = YES;
				ENABLE_RESOURCE_ACCESS_AUDIO_INPUT = NO;
				ENABLE_RESOURCE_ACCESS_BLUETOOTH = NO;
				ENABLE_RESOURCE_ACCESS_CALENDARS = NO;
				ENABLE_RESOURCE_ACCESS_CAMERA = NO;
				ENABLE_RESOURCE_ACCESS_CONTACTS = NO;
				ENABLE_RESOURCE_ACCESS_LOCATION = NO;
				ENABLE_RESOURCE_ACCESS_PRINTING = NO;
				ENABLE_RESOURCE_ACCESS_USB = NO;
				ENABLE_USER_SELECTED_FILES = readonly;
				GENERATE_INFOPLIST_FILE = YES;
				INFOPLIST_FILE = UptimeDashboardMac/Info.plist;
				INFOPLIST_KEY_CFBundleDisplayName = "Dashboard INVA MAC";
				INFOPLIST_KEY_LSApplicationCategoryType = "public.app-category.utilities";
				INFOPLIST_KEY_NSHumanReadableCopyright = "";
				LD_RUNPATH_SEARCH_PATHS = (
					"$(inherited)",
					"@executable_path/../Frameworks",
				);
				LOCALIZATION_PREFERS_STRING_CATALOGS = YES;
				MACOSX_DEPLOYMENT_TARGET = 26.4;
				MARKETING_VERSION = 1.1;
				MTL_ENABLE_DEBUG_INFO = NO;
				PRODUCT_BUNDLE_IDENTIFIER = cloud.sundata.UptimeDashboardMac;
				PRODUCT_NAME = "Dashboard INVA MAC";
				REGISTER_APP_GROUPS = YES;
				SDKROOT = macosx;
				STRING_CATALOG_GENERATE_SYMBOLS = YES;
				SWIFT_APPROACHABLE_CONCURRENCY = YES;
				SWIFT_DEFAULT_ACTOR_ISOLATION = MainActor;
				SWIFT_EMIT_LOC_STRINGS = YES;
				SWIFT_UPCOMING_FEATURE_MEMBER_IMPORT_VISIBILITY = YES;
				SWIFT_VERSION = 5.0;
				WATCH_API_TOKEN = GKsyMWgBRcc3sB6dwdpeYv1FGJpiTv72XdNPa4S0KvE;
			};
			name = Release;
		};
		81CFDD1C2F8D0818004F2EA8 /* Debug */ = {
			isa = XCBuildConfiguration;
			buildSettings = {
				ASSETCATALOG_COMPILER_GENERATE_SWIFT_ASSET_SYMBOL_EXTENSIONS = YES;
				ASSETCATALOG_COMPILER_GLOBAL_ACCENT_COLOR_NAME = AccentColor;
				ASSETCATALOG_COMPILER_WIDGET_BACKGROUND_COLOR_NAME = WidgetBackground;
				CODE_SIGN_STYLE = Automatic;
				CURRENT_PROJECT_VERSION = 1;
				DEVELOPMENT_TEAM = F62D4NBPSB;
				ENABLE_APP_SANDBOX = YES;
				ENABLE_HARDENED_RUNTIME = YES;
				ENABLE_INCOMING_NETWORK_CONNECTIONS = NO;
				ENABLE_OUTGOING_NETWORK_CONNECTIONS = YES;
				ENABLE_RESOURCE_ACCESS_AUDIO_INPUT = NO;
				ENABLE_RESOURCE_ACCESS_BLUETOOTH = NO;
				ENABLE_RESOURCE_ACCESS_CALENDARS = NO;
				ENABLE_RESOURCE_ACCESS_CAMERA = NO;
				ENABLE_RESOURCE_ACCESS_CONTACTS = NO;
				ENABLE_RESOURCE_ACCESS_LOCATION = NO;
				ENABLE_RESOURCE_ACCESS_PRINTING = NO;
				ENABLE_RESOURCE_ACCESS_USB = NO;
				GENERATE_INFOPLIST_FILE = YES;
				INFOPLIST_FILE = UptimeDashboardMacWidget/Info.plist;
				INFOPLIST_KEY_CFBundleDisplayName = UptimeDashboardMacWidget;
				INFOPLIST_KEY_NSHumanReadableCopyright = "";
				LD_RUNPATH_SEARCH_PATHS = (
					"$(inherited)",
					"@executable_path/../Frameworks",
					"@executable_path/../../../../Frameworks",
				);
				LOCALIZATION_PREFERS_STRING_CATALOGS = YES;
				MACOSX_DEPLOYMENT_TARGET = 26.4;
				MARKETING_VERSION = 1.0;
				PRODUCT_BUNDLE_IDENTIFIER = cloud.sundata.UptimeDashboardMac.UptimeDashboardMacWidget;
				PRODUCT_NAME = "$(TARGET_NAME)";
				SDKROOT = macosx;
				SKIP_INSTALL = YES;
				STRING_CATALOG_GENERATE_SYMBOLS = YES;
				SWIFT_APPROACHABLE_CONCURRENCY = YES;
				SWIFT_EMIT_LOC_STRINGS = YES;
				SWIFT_UPCOMING_FEATURE_MEMBER_IMPORT_VISIBILITY = YES;
				SWIFT_VERSION = 5.0;
			};
			name = Debug;
		};
		81CFDD1D2F8D0818004F2EA8 /* Release */ = {
			isa = XCBuildConfiguration;
			buildSettings = {
				ASSETCATALOG_COMPILER_GENERATE_SWIFT_ASSET_SYMBOL_EXTENSIONS = YES;
				ASSETCATALOG_COMPILER_GLOBAL_ACCENT_COLOR_NAME = AccentColor;
				ASSETCATALOG_COMPILER_WIDGET_BACKGROUND_COLOR_NAME = WidgetBackground;
				CODE_SIGN_STYLE = Automatic;
				CURRENT_PROJECT_VERSION = 1;
				DEVELOPMENT_TEAM = F62D4NBPSB;
				ENABLE_APP_SANDBOX = YES;
				ENABLE_HARDENED_RUNTIME = YES;
				ENABLE_INCOMING_NETWORK_CONNECTIONS = NO;
				ENABLE_OUTGOING_NETWORK_CONNECTIONS = YES;
				ENABLE_RESOURCE_ACCESS_AUDIO_INPUT = NO;
				ENABLE_RESOURCE_ACCESS_BLUETOOTH = NO;
				ENABLE_RESOURCE_ACCESS_CALENDARS = NO;
				ENABLE_RESOURCE_ACCESS_CAMERA = NO;
				ENABLE_RESOURCE_ACCESS_CONTACTS = NO;
				ENABLE_RESOURCE_ACCESS_LOCATION = NO;
				ENABLE_RESOURCE_ACCESS_PRINTING = NO;
				ENABLE_RESOURCE_ACCESS_USB = NO;
				GENERATE_INFOPLIST_FILE = YES;
				INFOPLIST_FILE = UptimeDashboardMacWidget/Info.plist;
				INFOPLIST_KEY_CFBundleDisplayName = UptimeDashboardMacWidget;
				INFOPLIST_KEY_NSHumanReadableCopyright = "";
				LD_RUNPATH_SEARCH_PATHS = (
					"$(inherited)",
					"@executable_path/../Frameworks",
					"@executable_path/../../../../Frameworks",
				);
				LOCALIZATION_PREFERS_STRING_CATALOGS = YES;
				MACOSX_DEPLOYMENT_TARGET = 26.4;
				MARKETING_VERSION = 1.0;
				MTL_ENABLE_DEBUG_INFO = NO;
				PRODUCT_BUNDLE_IDENTIFIER = cloud.sundata.UptimeDashboardMac.UptimeDashboardMacWidget;
				PRODUCT_NAME = "$(TARGET_NAME)";
				SDKROOT = macosx;
				SKIP_INSTALL = YES;
				STRING_CATALOG_GENERATE_SYMBOLS = YES;
				SWIFT_APPROACHABLE_CONCURRENCY = YES;
				SWIFT_EMIT_LOC_STRINGS = YES;
				SWIFT_UPCOMING_FEATURE_MEMBER_IMPORT_VISIBILITY = YES;
				SWIFT_VERSION = 5.0;
			};
			name = Release;
		};
		B001001A /* Debug */ = {
			isa = XCBuildConfiguration;
			buildSettings = {
				ALWAYS_SEARCH_USER_PATHS = NO;
				CLANG_ANALYZER_NONNULL = YES;
				CLANG_ANALYZER_NUMBER_OBJECT_CONVERSION = YES_AGGRESSIVE;
				CLANG_CXX_LANGUAGE_STANDARD = "gnu++20";
				CLANG_ENABLE_MODULES = YES;
				CLANG_ENABLE_OBJC_ARC = YES;
				CLANG_ENABLE_OBJC_WEAK = YES;
				CLANG_WARN_BLOCK_CAPTURE_AUTORELEASING = YES;
				CLANG_WARN_BOOL_CONVERSION = YES;
				CLANG_WARN_COMMA = YES;
				CLANG_WARN_CONSTANT_CONVERSION = YES;
				CLANG_WARN_DEPRECATED_OBJC_IMPLEMENTATIONS = YES;
				CLANG_WARN_DIRECT_OBJC_ISA_USAGE = YES_ERROR;
				CLANG_WARN_DOCUMENTATION_COMMENTS = YES;
				CLANG_WARN_EMPTY_BODY = YES;
				CLANG_WARN_ENUM_CONVERSION = YES;
				CLANG_WARN_INFINITE_RECURSION = YES;
				CLANG_WARN_INT_CONVERSION = YES;
				CLANG_WARN_NON_LITERAL_NULL_CONVERSION = YES;
				CLANG_WARN_OBJC_IMPLICIT_RETAIN_SELF = YES;
				CLANG_WARN_OBJC_LITERAL_CONVERSION = YES;
				CLANG_WARN_OBJC_ROOT_CLASS = YES_ERROR;
				CLANG_WARN_QUOTED_INCLUDE_IN_FRAMEWORK_HEADER = YES;
				CLANG_WARN_RANGE_LOOP_ANALYSIS = YES;
				CLANG_WARN_STRICT_PROTOTYPES = YES;
				CLANG_WARN_SUSPICIOUS_MOVE = YES;
				CLANG_WARN_UNGUARDED_AVAILABILITY = YES_AGGRESSIVE;
				CLANG_WARN_UNREACHABLE_CODE = YES;
				CLANG_WARN__DUPLICATE_METHOD_MATCH = YES;
				COPY_PHASE_STRIP = NO;
				DEBUG_INFORMATION_FORMAT = dwarf;
				DEVELOPMENT_TEAM = F62D4NBPSB;
				ENABLE_STRICT_OBJC_MSGSEND = YES;
				ENABLE_TESTABILITY = YES;
				ENABLE_USER_SCRIPT_SANDBOXING = YES;
				GCC_C_LANGUAGE_STANDARD = gnu17;
				GCC_DYNAMIC_NO_PIC = NO;
				GCC_NO_COMMON_BLOCKS = YES;
				GCC_OPTIMIZATION_LEVEL = 0;
				GCC_PREPROCESSOR_DEFINITIONS = (
					"DEBUG=1",
					"$(inherited)",
				);
				GCC_WARN_64_TO_32_BIT_CONVERSION = YES;
				GCC_WARN_ABOUT_RETURN_TYPE = YES_ERROR;
				GCC_WARN_UNDECLARED_SELECTOR = YES;
				GCC_WARN_UNINITIALIZED_AUTOS = YES_AGGRESSIVE;
				GCC_WARN_UNUSED_FUNCTION = YES;
				GCC_WARN_UNUSED_VARIABLE = YES;
				IPHONEOS_DEPLOYMENT_TARGET = 16.0;
				MTL_ENABLE_DEBUG_INFO = INCLUDE_SOURCE;
				MTL_FAST_MATH = YES;
				ONLY_ACTIVE_ARCH = YES;
				SDKROOT = iphoneos;
				SWIFT_ACTIVE_COMPILATION_CONDITIONS = "DEBUG $(inherited)";
				SWIFT_OPTIMIZATION_LEVEL = "-Onone";
			};
			name = Debug;
		};
		B001001B /* Release */ = {
			isa = XCBuildConfiguration;
			buildSettings = {
				ALWAYS_SEARCH_USER_PATHS = NO;
				CLANG_ANALYZER_NONNULL = YES;
				CLANG_ANALYZER_NUMBER_OBJECT_CONVERSION = YES_AGGRESSIVE;
				CLANG_CXX_LANGUAGE_STANDARD = "gnu++20";
				CLANG_ENABLE_MODULES = YES;
				CLANG_ENABLE_OBJC_ARC = YES;
				CLANG_ENABLE_OBJC_WEAK = YES;
				CLANG_WARN_BLOCK_CAPTURE_AUTORELEASING = YES;
				CLANG_WARN_BOOL_CONVERSION = YES;
				CLANG_WARN_COMMA = YES;
				CLANG_WARN_CONSTANT_CONVERSION = YES;
				CLANG_WARN_DEPRECATED_OBJC_IMPLEMENTATIONS = YES;
				CLANG_WARN_DIRECT_OBJC_ISA_USAGE = YES_ERROR;
				CLANG_WARN_DOCUMENTATION_COMMENTS = YES;
				CLANG_WARN_EMPTY_BODY = YES;
				CLANG_WARN_ENUM_CONVERSION = YES;
				CLANG_WARN_INFINITE_RECURSION = YES;
				CLANG_WARN_INT_CONVERSION = YES;
				CLANG_WARN_NON_LITERAL_NULL_CONVERSION = YES;
				CLANG_WARN_OBJC_IMPLICIT_RETAIN_SELF = YES;
				CLANG_WARN_OBJC_LITERAL_CONVERSION = YES;
				CLANG_WARN_OBJC_ROOT_CLASS = YES_ERROR;
				CLANG_WARN_QUOTED_INCLUDE_IN_FRAMEWORK_HEADER = YES;
				CLANG_WARN_RANGE_LOOP_ANALYSIS = YES;
				CLANG_WARN_STRICT_PROTOTYPES = YES;
				CLANG_WARN_SUSPICIOUS_MOVE = YES;
				CLANG_WARN_UNGUARDED_AVAILABILITY = YES_AGGRESSIVE;
				CLANG_WARN_UNREACHABLE_CODE = YES;
				CLANG_WARN__DUPLICATE_METHOD_MATCH = YES;
				COPY_PHASE_STRIP = NO;
				DEBUG_INFORMATION_FORMAT = "dwarf-with-dsym";
				DEVELOPMENT_TEAM = F62D4NBPSB;
				ENABLE_NS_ASSERTIONS = NO;
				ENABLE_STRICT_OBJC_MSGSEND = YES;
				ENABLE_USER_SCRIPT_SANDBOXING = YES;
				GCC_C_LANGUAGE_STANDARD = gnu17;
				GCC_NO_COMMON_BLOCKS = YES;
				GCC_WARN_64_TO_32_BIT_CONVERSION = YES;
				GCC_WARN_ABOUT_RETURN_TYPE = YES_ERROR;
				GCC_WARN_UNDECLARED_SELECTOR = YES;
				GCC_WARN_UNINITIALIZED_AUTOS = YES_AGGRESSIVE;
				GCC_WARN_UNUSED_FUNCTION = YES;
				GCC_WARN_UNUSED_VARIABLE = YES;
				IPHONEOS_DEPLOYMENT_TARGET = 16.0;
				MTL_FAST_MATH = YES;
				SDKROOT = iphoneos;
				SWIFT_COMPILATION_MODE = wholemodule;
				VALIDATE_PRODUCT = YES;
			};
			name = Release;
		};
		B001001C /* Debug */ = {
			isa = XCBuildConfiguration;
			buildSettings = {
				ASSETCATALOG_COMPILER_APPICON_NAME = AppIcon;
				ASSETCATALOG_COMPILER_GLOBAL_ACCENT_COLOR_NAME = AccentColor;
				CODE_SIGN_ENTITLEMENTS = UptimeDashboard.entitlements;
				CODE_SIGN_STYLE = Automatic;
				CURRENT_PROJECT_VERSION = 5;
				DEVELOPMENT_ASSET_PATHS = "";
				ENABLE_PREVIEWS = YES;
				GENERATE_INFOPLIST_FILE = NO;
				INFOPLIST_FILE = Info.plist;
				INFOPLIST_KEY_CFBundleDisplayName = "ABISSI INVA";
				INFOPLIST_KEY_LSApplicationCategoryType = "public.app-category.business";
				IPHONEOS_DEPLOYMENT_TARGET = 17.6;
				LD_RUNPATH_SEARCH_PATHS = (
					"$(inherited)",
					"@executable_path/Frameworks",
				);
				MARKETING_VERSION = 1.2;
				PRODUCT_BUNDLE_IDENTIFIER = cloud.sundata.uptimeDashboard;
				PRODUCT_NAME = "$(TARGET_NAME)";
				SUPPORTED_PLATFORMS = "iphoneos iphonesimulator";
				SUPPORTS_MACCATALYST = NO;
				SUPPORTS_MAC_DESIGNED_FOR_IPHONE_IPAD = NO;
				SWIFT_EMIT_LOC_STRINGS = YES;
				SWIFT_VERSION = 5.0;
				TARGETED_DEVICE_FAMILY = "1,2";
			};
			name = Debug;
		};
		B001001D /* Release */ = {
			isa = XCBuildConfiguration;
			buildSettings = {
				ASSETCATALOG_COMPILER_APPICON_NAME = AppIcon;
				ASSETCATALOG_COMPILER_GLOBAL_ACCENT_COLOR_NAME = AccentColor;
				CODE_SIGN_ENTITLEMENTS = UptimeDashboard.entitlements;
				CODE_SIGN_STYLE = Automatic;
				CURRENT_PROJECT_VERSION = 5;
				DEVELOPMENT_ASSET_PATHS = "";
				ENABLE_PREVIEWS = YES;
				GENERATE_INFOPLIST_FILE = NO;
				INFOPLIST_FILE = Info.plist;
				INFOPLIST_KEY_CFBundleDisplayName = "ABISSI INVA";
				INFOPLIST_KEY_LSApplicationCategoryType = "public.app-category.business";
				IPHONEOS_DEPLOYMENT_TARGET = 17.6;
				LD_RUNPATH_SEARCH_PATHS = (
					"$(inherited)",
					"@executable_path/Frameworks",
				);
				MARKETING_VERSION = 1.2;
				PRODUCT_BUNDLE_IDENTIFIER = cloud.sundata.uptimeDashboard;
				PRODUCT_NAME = "$(TARGET_NAME)";
				SUPPORTED_PLATFORMS = "iphoneos iphonesimulator";
				SUPPORTS_MACCATALYST = NO;
				SUPPORTS_MAC_DESIGNED_FOR_IPHONE_IPAD = NO;
				SWIFT_EMIT_LOC_STRINGS = YES;
				SWIFT_VERSION = 5.0;
				TARGETED_DEVICE_FAMILY = "1,2";
			};
			name = Release;
		};
/* End XCBuildConfiguration section */

/* Begin XCConfigurationList section */
		8119B5E82F8CD47F00D887AC /* Build configuration list for PBXNativeTarget "UptimeDashboardWidgetExtension" */ = {
			isa = XCConfigurationList;
			buildConfigurations = (
				8119B5E52F8CD47F00D887AC /* Debug */,
				8119B5E62F8CD47F00D887AC /* Release */,
			);
			defaultConfigurationIsVisible = 0;
			defaultConfigurationName = Release;
		};
		816E9C6E2F893487004F93EF /* Build configuration list for PBXNativeTarget "UptimeDashboardWatch Watch App" */ = {
			isa = XCConfigurationList;
			buildConfigurations = (
				816E9C6C2F893487004F93EF /* Debug */,
				816E9C6D2F893487004F93EF /* Release */,
			);
			defaultConfigurationIsVisible = 0;
			defaultConfigurationName = Release;
		};
		8178D0642F9243E20002E724 /* Build configuration list for PBXNativeTarget "UptimeDashboardWatchWidgetExtension" */ = {
			isa = XCConfigurationList;
			buildConfigurations = (
				8178D0622F9243E20002E724 /* Debug */,
				8178D0632F9243E20002E724 /* Release */,
			);
			defaultConfigurationIsVisible = 0;
			defaultConfigurationName = Release;
		};
		819D22E22F8D01A9006BDA8D /* Build configuration list for PBXNativeTarget "UptimeDashboardMac" */ = {
			isa = XCConfigurationList;
			buildConfigurations = (
				819D22E32F8D01A9006BDA8D /* Debug */,
				819D22E42F8D01A9006BDA8D /* Release */,
			);
			defaultConfigurationIsVisible = 0;
			defaultConfigurationName = Release;
		};
		81CFDD1B2F8D0818004F2EA8 /* Build configuration list for PBXNativeTarget "UptimeDashboardMacWidgetExtension" */ = {
			isa = XCConfigurationList;
			buildConfigurations = (
				81CFDD1C2F8D0818004F2EA8 /* Debug */,
				81CFDD1D2F8D0818004F2EA8 /* Release */,
			);
			defaultConfigurationIsVisible = 0;
			defaultConfigurationName = Release;
		};
		B0010015 /* Build configuration list for PBXNativeTarget "Dashboard INVA" */ = {
			isa = XCConfigurationList;
			buildConfigurations = (
				B001001C /* Debug */,
				B001001D /* Release */,
			);
			defaultConfigurationIsVisible = 0;
			defaultConfigurationName = Release;
		};
		B0010019 /* Build configuration list for PBXProject "ABISSI  INVA" */ = {
			isa = XCConfigurationList;
			buildConfigurations = (
				B001001A /* Debug */,
				B001001B /* Release */,
			);
			defaultConfigurationIsVisible = 0;
			defaultConfigurationName = Release;
		};
/* End XCConfigurationList section */
	};
	rootObject = B0010018 /* Project object */;
}
